
Microsoft Visual Studio Solution File, Format Version 12.00
# Visual Studio 2013
VisualStudioVersion = 12.0.21005.1
MinimumVisualStudioVersion = 10.0.40219.1
Project("{FAE04EC0-301F-11D3-BF4B-00C04F79EFBC}") = "DeskTile", "DeskTile\DeskTile.csproj", "{2AE4C6A2-141C-413D-A6FA-A00933BFA3AA}"
EndProject
Project("{FAE04EC0-301F-11D3-BF4B-00C04F79EFBC}") = "ShellContexMenu", "..\ShellContexMenu\ShellContexMenu\ShellContexMenu.csproj", "{29D26741-3ACD-4982-8EF5-B0154A38FA95}"
EndProject
Project("{FAE04EC0-301F-11D3-BF4B-00C04F79EFBC}") = "DesktopCall", "DesktopCall\DesktopCall.csproj", "{72FA9ADF-18A2-49AF-992D-D442542AD70B}"
EndProject
Global
	GlobalSection(SolutionConfigurationPlatforms) = preSolution
		Debug|Any CPU = Debug|Any CPU
		Debug|x86 = Debug|x86
		Release|Any CPU = Release|Any CPU
		Release|x86 = Release|x86
	EndGlobalSection
	GlobalSection(ProjectConfigurationPlatforms) = postSolution
		{2AE4C6A2-141C-413D-A6FA-A00933BFA3AA}.Debug|Any CPU.ActiveCfg = Debug|x86
		{2AE4C6A2-141C-413D-A6FA-A00933BFA3AA}.Debug|Any CPU.Build.0 = Debug|x86
		{2AE4C6A2-141C-413D-A6FA-A00933BFA3AA}.Debug|x86.ActiveCfg = Debug|x86
		{2AE4C6A2-141C-413D-A6FA-A00933BFA3AA}.Debug|x86.Build.0 = Debug|x86
		{2AE4C6A2-141C-413D-A6FA-A00933BFA3AA}.Release|Any CPU.ActiveCfg = Release|x86
		{2AE4C6A2-141C-413D-A6FA-A00933BFA3AA}.Release|Any CPU.Build.0 = Release|x86
		{2AE4C6A2-141C-413D-A6FA-A00933BFA3AA}.Release|x86.ActiveCfg = Release|x86
		{2AE4C6A2-141C-413D-A6FA-A00933BFA3AA}.Release|x86.Build.0 = Release|x86
		{29D26741-3ACD-4982-8EF5-B0154A38FA95}.Debug|Any CPU.ActiveCfg = Debug|Any CPU
		{29D26741-3ACD-4982-8EF5-B0154A38FA95}.Debug|Any CPU.Build.0 = Debug|Any CPU
		{29D26741-3ACD-4982-8EF5-B0154A38FA95}.Debug|x86.ActiveCfg = Debug|x86
		{29D26741-3ACD-4982-8EF5-B0154A38FA95}.Debug|x86.Build.0 = Debug|x86
		{29D26741-3ACD-4982-8EF5-B0154A38FA95}.Release|Any CPU.ActiveCfg = Release|Any CPU
		{29D26741-3ACD-4982-8EF5-B0154A38FA95}.Release|Any CPU.Build.0 = Release|Any CPU
		{29D26741-3ACD-4982-8EF5-B0154A38FA95}.Release|x86.ActiveCfg = Release|x86
		{29D26741-3ACD-4982-8EF5-B0154A38FA95}.Release|x86.Build.0 = Release|x86
		{72FA9ADF-18A2-49AF-992D-D442542AD70B}.Debug|Any CPU.ActiveCfg = Debug|Any CPU
		{72FA9ADF-18A2-49AF-992D-D442542AD70B}.Debug|Any CPU.Build.0 = Debug|Any CPU
		{72FA9ADF-18A2-49AF-992D-D442542AD70B}.Debug|x86.ActiveCfg = Debug|Any CPU
		{72FA9ADF-18A2-49AF-992D-D442542AD70B}.Release|Any CPU.ActiveCfg = Release|Any CPU
		{72FA9ADF-18A2-49AF-992D-D442542AD70B}.Release|Any CPU.Build.0 = Release|Any CPU
		{72FA9ADF-18A2-49AF-992D-D442542AD70B}.Release|x86.ActiveCfg = Release|Any CPU
	EndGlobalSection
	GlobalSection(SolutionProperties) = preSolution
		HideSolutionNode = FALSE
	EndGlobalSection
EndGlobal
